# This file is automatically @generated by Cargo.
# It is not intended for manual editing.
version = 4

[[package]]
name = "omni-cli"
version = "0.1.0"
dependencies = [
 "omni-runtime",
]

[[package]]
name = "omni-input"
version = "0.1.0"
dependencies = [
 "omni-protocol",
]

[[package]]
name = "omni-protocol"
version = "0.1.0"

[[package]]
name = "omni-runtime"
version = "0.1.0"
dependencies = [
 "omni-input",
 "omni-protocol",
 "omni-security",
 "omni-session",
 "omni-topology",
 "omni-transport",
]

[[package]]
name = "omni-security"
version = "0.1.0"
dependencies = [
 "omni-protocol",
]

[[package]]
name = "omni-session"
version = "0.1.0"
dependencies = [
 "omni-protocol",
 "omni-topology",
]

[[package]]
name = "omni-topology"
version = "0.1.0"
dependencies = [
 "omni-protocol",
]

[[package]]
name = "omni-transport"
version = "0.1.0"
dependencies = [
 "omni-protocol",
 "omni-security",
]
